
Microsoft Visual Studio Solution File, Format Version 12.00
# Visual Studio 15
VisualStudioVersion = 15.0.26124.0
MinimumVisualStudioVersion = 15.0.26124.0
Project("{FAE04EC0-301F-11D3-BF4B-00C04F79EFBC}") = "API", "API\API.csproj", "{3A4CBEBE-FAEB-4680-8F43-42B35DF18672}"
EndProject
Project("{FAE04EC0-301F-11D3-BF4B-00C04F79EFBC}") = "Core", "Core\Core.csproj", "{E04034C1-8771-44F9-98A6-5E1A6532000B}"
EndProject
Project("{FAE04EC0-301F-11D3-BF4B-00C04F79EFBC}") = "Infrastructure", "Infrastructure\Infrastructure.csproj", "{DA03AA2F-CEF4-4DE4-AF7C-9B3CDE80DAB2}"
EndProject
Global
	GlobalSection(SolutionConfigurationPlatforms) = preSolution
		Debug|Any CPU = Debug|Any CPU
		Debug|x64 = Debug|x64
		Debug|x86 = Debug|x86
		Release|Any CPU = Release|Any CPU
		Release|x64 = Release|x64
		Release|x86 = Release|x86
	EndGlobalSection
	GlobalSection(SolutionProperties) = preSolution
		HideSolutionNode = FALSE
	EndGlobalSection
	GlobalSection(ProjectConfigurationPlatforms) = postSolution
		{3A4CBEBE-FAEB-4680-8F43-42B35DF18672}.Debug|Any CPU.ActiveCfg = Debug|Any CPU
		{3A4CBEBE-FAEB-4680-8F43-42B35DF18672}.Debug|Any CPU.Build.0 = Debug|Any CPU
		{3A4CBEBE-FAEB-4680-8F43-42B35DF18672}.Debug|x64.ActiveCfg = Debug|Any CPU
		{3A4CBEBE-FAEB-4680-8F43-42B35DF18672}.Debug|x64.Build.0 = Debug|Any CPU
		{3A4CBEBE-FAEB-4680-8F43-42B35DF18672}.Debug|x86.ActiveCfg = Debug|Any CPU
		{3A4CBEBE-FAEB-4680-8F43-42B35DF18672}.Debug|x86.Build.0 = Debug|Any CPU
		{3A4CBEBE-FAEB-4680-8F43-42B35DF18672}.Release|Any CPU.ActiveCfg = Release|Any CPU
		{3A4CBEBE-FAEB-4680-8F43-42B35DF18672}.Release|Any CPU.Build.0 = Release|Any CPU
		{3A4CBEBE-FAEB-4680-8F43-42B35DF18672}.Release|x64.ActiveCfg = Release|Any CPU
		{3A4CBEBE-FAEB-4680-8F43-42B35DF18672}.Release|x64.Build.0 = Release|Any CPU
		{3A4CBEBE-FAEB-4680-8F43-42B35DF18672}.Release|x86.ActiveCfg = Release|Any CPU
		{3A4CBEBE-FAEB-4680-8F43-42B35DF18672}.Release|x86.Build.0 = Release|Any CPU
		{E04034C1-8771-44F9-98A6-5E1A6532000B}.Debug|Any CPU.ActiveCfg = Debug|Any CPU
		{E04034C1-8771-44F9-98A6-5E1A6532000B}.Debug|Any CPU.Build.0 = Debug|Any CPU
		{E04034C1-8771-44F9-98A6-5E1A6532000B}.Debug|x64.ActiveCfg = Debug|Any CPU
		{E04034C1-8771-44F9-98A6-5E1A6532000B}.Debug|x64.Build.0 = Debug|Any CPU
		{E04034C1-8771-44F9-98A6-5E1A6532000B}.Debug|x86.ActiveCfg = Debug|Any CPU
		{E04034C1-8771-44F9-98A6-5E1A6532000B}.Debug|x86.Build.0 = Debug|Any CPU
		{E04034C1-8771-44F9-98A6-5E1A6532000B}.Release|Any CPU.ActiveCfg = Release|Any CPU
		{E04034C1-8771-44F9-98A6-5E1A6532000B}.Release|Any CPU.Build.0 = Release|Any CPU
		{E04034C1-8771-44F9-98A6-5E1A6532000B}.Release|x64.ActiveCfg = Release|Any CPU
		{E04034C1-8771-44F9-98A6-5E1A6532000B}.Release|x64.Build.0 = Release|Any CPU
		{E04034C1-8771-44F9-98A6-5E1A6532000B}.Release|x86.ActiveCfg = Release|Any CPU
		{E04034C1-8771-44F9-98A6-5E1A6532000B}.Release|x86.Build.0 = Release|Any CPU
		{DA03AA2F-CEF4-4DE4-AF7C-9B3CDE80DAB2}.Debug|Any CPU.ActiveCfg = Debug|Any CPU
		{DA03AA2F-CEF4-4DE4-AF7C-9B3CDE80DAB2}.Debug|Any CPU.Build.0 = Debug|Any CPU
		{DA03AA2F-CEF4-4DE4-AF7C-9B3CDE80DAB2}.Debug|x64.ActiveCfg = Debug|Any CPU
		{DA03AA2F-CEF4-4DE4-AF7C-9B3CDE80DAB2}.Debug|x64.Build.0 = Debug|Any CPU
		{DA03AA2F-CEF4-4DE4-AF7C-9B3CDE80DAB2}.Debug|x86.ActiveCfg = Debug|Any CPU
		{DA03AA2F-CEF4-4DE4-AF7C-9B3CDE80DAB2}.Debug|x86.Build.0 = Debug|Any CPU
		{DA03AA2F-CEF4-4DE4-AF7C-9B3CDE80DAB2}.Release|Any CPU.ActiveCfg = Release|Any CPU
		{DA03AA2F-CEF4-4DE4-AF7C-9B3CDE80DAB2}.Release|Any CPU.Build.0 = Release|Any CPU
		{DA03AA2F-CEF4-4DE4-AF7C-9B3CDE80DAB2}.Release|x64.ActiveCfg = Release|Any CPU
		{DA03AA2F-CEF4-4DE4-AF7C-9B3CDE80DAB2}.Release|x64.Build.0 = Release|Any CPU
		{DA03AA2F-CEF4-4DE4-AF7C-9B3CDE80DAB2}.Release|x86.ActiveCfg = Release|Any CPU
		{DA03AA2F-CEF4-4DE4-AF7C-9B3CDE80DAB2}.Release|x86.Build.0 = Release|Any CPU
	EndGlobalSection
EndGlobal
